{
  "version": 4,
  "terraform_version": "0.12.16",
  "serial": 136,
  "lineage": "a400a495-e663-e325-a181-e350d209d8e8",
  "outputs": {
    "instances": {
      "value": [
        {
          "ami": "ami-094ce8f9bad208212",
          "arn": "arn:aws:ec2:eu-central-1:302604712191:instance/i-0a61ed73975897498",
          "associate_public_ip_address": true,
          "availability_zone": "eu-central-1b",
          "cpu_core_count": 1,
          "cpu_threads_per_core": 1,
          "credit_specification": [
            {
              "cpu_credits": "standard"
            }
          ],
          "disable_api_termination": false,
          "ebs_block_device": [],
          "ebs_optimized": false,
          "ephemeral_block_device": [],
          "get_password_data": true,
          "host_id": null,
          "iam_instance_profile": "",
          "id": "i-0a61ed73975897498",
          "instance_initiated_shutdown_behavior": null,
          "instance_state": "running",
          "instance_type": "t2.micro",
          "ipv6_address_count": 0,
          "ipv6_addresses": [],
          "key_name": "WindowsKeys",
          "monitoring": false,
          "network_interface": [],
          "network_interface_id": null,
          "password_data": "LMtaGSmGkguuPdPkUuYlpG5LCsiDPerdGU1r8353T6WmZ7fyzplyc9cI/N6q24MZrcas/z2NdeyddHiV65LC1bud+0HUZsoXEKSzJy2x/uOyuyC6nWN0ulOQfTtx+XHJn/anXvESd5NfvrPoqekIf7k7NiqLrEqQsNwcNBqzQOQ4+ySgQKAe/QksEq7YUDYT+D1JJenmHAK/8gfjrF/pTJMXrhik1unmPPc7By6FNL42PU+pYVTHerN6piEuWcOmYfOGRwd57iQ4v4MwZuBhlAgoPxVAUcIMayGcDt8rrNupmGwTg7slEtHKO35xjD0Cof8wahdT9JUwsOlD0jL8zw==",
          "placement_group": "",
          "primary_network_interface_id": "eni-0ff2f3a32d350833b",
          "private_dns": "ip-172-31-44-227.eu-central-1.compute.internal",
          "private_ip": "172.31.44.227",
          "public_dns": "ec2-18-185-131-163.eu-central-1.compute.amazonaws.com",
          "public_ip": "18.185.131.163",
          "root_block_device": [
            {
              "delete_on_termination": true,
              "encrypted": false,
              "iops": 100,
              "kms_key_id": "",
              "volume_id": "vol-08bf9cf2f87a0bab9",
              "volume_size": 30,
              "volume_type": "gp2"
            }
          ],
          "security_groups": [
            "IISWindows"
          ],
          "source_dest_check": true,
          "subnet_id": "subnet-49a8bd34",
          "tags": {
            "Name": "IIS"
          },
          "tenancy": "default",
          "timeouts": null,
          "user_data": "876d93c3c2025d9a9bf8c0701fc7cf128530fb5d",
          "user_data_base64": null,
          "volume_tags": {},
          "vpc_security_group_ids": [
            "sg-071bf88b79626bbdb"
          ]
        },
        {
          "ami": "ami-094ce8f9bad208212",
          "arn": "arn:aws:ec2:eu-central-1:302604712191:instance/i-019e2f57a7996bbc8",
          "associate_public_ip_address": true,
          "availability_zone": "eu-central-1b",
          "cpu_core_count": 1,
          "cpu_threads_per_core": 1,
          "credit_specification": [
            {
              "cpu_credits": "standard"
            }
          ],
          "disable_api_termination": false,
          "ebs_block_device": [],
          "ebs_optimized": false,
          "ephemeral_block_device": [],
          "get_password_data": true,
          "host_id": null,
          "iam_instance_profile": "",
          "id": "i-019e2f57a7996bbc8",
          "instance_initiated_shutdown_behavior": null,
          "instance_state": "running",
          "instance_type": "t2.micro",
          "ipv6_address_count": 0,
          "ipv6_addresses": [],
          "key_name": "WindowsKeys",
          "monitoring": false,
          "network_interface": [],
          "network_interface_id": null,
          "password_data": "OJrmDt2XWHeYk5Lj8f4jy7zvgq+2kCvn6HWLMIOA9HdSu353r4qRkJWXYO+2nBBgaXweofS399Tcv/fwwP10dvmtdV8+Pl+FQCbmYvuDPuUKQE4KElzDa6mPMzn7NtfAxdsr5Ku0AQ/b/GIVh4dMecW7nahsbjB32fffVlk17pD/kCZT6awJdCPqsxtOW07ZoC5Jbb1aoqcJ71uWepEERFrwmvDqbvLlNNhk8vJYZzqEXkfUMgCmgFirqBj0eKamlzJsQmBV3Ap2Dq6PEgHb8HbhR7i5busEBIykmz5wDhovaCpwfgO/rmYkoR+NRmU1G5S68Z0K9PvXTHpIUMvNkQ==",
          "placement_group": "",
          "primary_network_interface_id": "eni-0044d97ec70bf1581",
          "private_dns": "ip-172-31-41-246.eu-central-1.compute.internal",
          "private_ip": "172.31.41.246",
          "public_dns": "ec2-18-195-106-142.eu-central-1.compute.amazonaws.com",
          "public_ip": "18.195.106.142",
          "root_block_device": [
            {
              "delete_on_termination": true,
              "encrypted": false,
              "iops": 100,
              "kms_key_id": "",
              "volume_id": "vol-0669f994736d729b5",
              "volume_size": 30,
              "volume_type": "gp2"
            }
          ],
          "security_groups": [
            "IISWindows"
          ],
          "source_dest_check": true,
          "subnet_id": "subnet-49a8bd34",
          "tags": {
            "Name": "IIS"
          },
          "tenancy": "default",
          "timeouts": null,
          "user_data": "876d93c3c2025d9a9bf8c0701fc7cf128530fb5d",
          "user_data_base64": null,
          "volume_tags": {},
          "vpc_security_group_ids": [
            "sg-071bf88b79626bbdb"
          ]
        },
        {
          "ami": "ami-094ce8f9bad208212",
          "arn": "arn:aws:ec2:eu-central-1:302604712191:instance/i-0d4c9f6ce50052ada",
          "associate_public_ip_address": true,
          "availability_zone": "eu-central-1b",
          "cpu_core_count": 1,
          "cpu_threads_per_core": 1,
          "credit_specification": [
            {
              "cpu_credits": "standard"
            }
          ],
          "disable_api_termination": false,
          "ebs_block_device": [],
          "ebs_optimized": false,
          "ephemeral_block_device": [],
          "get_password_data": true,
          "host_id": null,
          "iam_instance_profile": "",
          "id": "i-0d4c9f6ce50052ada",
          "instance_initiated_shutdown_behavior": null,
          "instance_state": "running",
          "instance_type": "t2.micro",
          "ipv6_address_count": 0,
          "ipv6_addresses": [],
          "key_name": "WindowsKeys",
          "monitoring": false,
          "network_interface": [],
          "network_interface_id": null,
          "password_data": "jNRaw6lrsim/YVNuA4NSWHGydccuz30BHA6dq91flV168cu2w3LiVU8rwYNnZOybeRurA7rcO2GqffuI/+ipDkJHXQWScxQLX1J562PDC5+EJ1wru/r12/TMPhuEsipdkFooSy88IDon5486FnPszC3JgAKadWHiahABpD76jSVnqgLKXU7G7RM2eCRNs3bi3L8WQnRobrs2Dx54oKS3do0PNv2EuFbYXakXjy7fHyQuBcCkAbP8kJREYf19oTIrO0Gvs+UYcKuqQ7GPM3SD3hawntoylqGwYt+ZV5SwZ3CBIl7Kl45VnAOj3w7VuyoGFZ7EHKMD5ftA+r+1w6mMhA==",
          "placement_group": "",
          "primary_network_interface_id": "eni-0880cd56938c07db1",
          "private_dns": "ip-172-31-32-252.eu-central-1.compute.internal",
          "private_ip": "172.31.32.252",
          "public_dns": "ec2-52-59-25-223.eu-central-1.compute.amazonaws.com",
          "public_ip": "52.59.25.223",
          "root_block_device": [
            {
              "delete_on_termination": true,
              "encrypted": false,
              "iops": 100,
              "kms_key_id": "",
              "volume_id": "vol-0c356ba687db940b2",
              "volume_size": 30,
              "volume_type": "gp2"
            }
          ],
          "security_groups": [
            "IISWindows"
          ],
          "source_dest_check": true,
          "subnet_id": "subnet-49a8bd34",
          "tags": {
            "Name": "IIS"
          },
          "tenancy": "default",
          "timeouts": null,
          "user_data": "876d93c3c2025d9a9bf8c0701fc7cf128530fb5d",
          "user_data_base64": null,
          "volume_tags": {},
          "vpc_security_group_ids": [
            "sg-071bf88b79626bbdb"
          ]
        }
      ],
      "type": [
        "tuple",
        [
          [
            "object",
            {
              "ami": "string",
              "arn": "string",
              "associate_public_ip_address": "bool",
              "availability_zone": "string",
              "cpu_core_count": "number",
              "cpu_threads_per_core": "number",
              "credit_specification": [
                "list",
                [
                  "object",
                  {
                    "cpu_credits": "string"
                  }
                ]
              ],
              "disable_api_termination": "bool",
              "ebs_block_device": [
                "set",
                [
                  "object",
                  {
                    "delete_on_termination": "bool",
                    "device_name": "string",
                    "encrypted": "bool",
                    "iops": "number",
                    "kms_key_id": "string",
                    "snapshot_id": "string",
                    "volume_id": "string",
                    "volume_size": "number",
                    "volume_type": "string"
                  }
                ]
              ],
              "ebs_optimized": "bool",
              "ephemeral_block_device": [
                "set",
                [
                  "object",
                  {
                    "device_name": "string",
                    "no_device": "bool",
                    "virtual_name": "string"
                  }
                ]
              ],
              "get_password_data": "bool",
              "host_id": "string",
              "iam_instance_profile": "string",
              "id": "string",
              "instance_initiated_shutdown_behavior": "string",
              "instance_state": "string",
              "instance_type": "string",
              "ipv6_address_count": "number",
              "ipv6_addresses": [
                "list",
                "string"
              ],
              "key_name": "string",
              "monitoring": "bool",
              "network_interface": [
                "set",
                [
                  "object",
                  {
                    "delete_on_termination": "bool",
                    "device_index": "number",
                    "network_interface_id": "string"
                  }
                ]
              ],
              "network_interface_id": "string",
              "password_data": "string",
              "placement_group": "string",
              "primary_network_interface_id": "string",
              "private_dns": "string",
              "private_ip": "string",
              "public_dns": "string",
              "public_ip": "string",
              "root_block_device": [
                "list",
                [
                  "object",
                  {
                    "delete_on_termination": "bool",
                    "encrypted": "bool",
                    "iops": "number",
                    "kms_key_id": "string",
                    "volume_id": "string",
                    "volume_size": "number",
                    "volume_type": "string"
                  }
                ]
              ],
              "security_groups": [
                "set",
                "string"
              ],
              "source_dest_check": "bool",
              "subnet_id": "string",
              "tags": [
                "map",
                "string"
              ],
              "tenancy": "string",
              "timeouts": [
                "object",
                {
                  "create": "string",
                  "delete": "string",
                  "update": "string"
                }
              ],
              "user_data": "string",
              "user_data_base64": "string",
              "volume_tags": [
                "map",
                "string"
              ],
              "vpc_security_group_ids": [
                "set",
                "string"
              ]
            }
          ],
          [
            "object",
            {
              "ami": "string",
              "arn": "string",
              "associate_public_ip_address": "bool",
              "availability_zone": "string",
              "cpu_core_count": "number",
              "cpu_threads_per_core": "number",
              "credit_specification": [
                "list",
                [
                  "object",
                  {
                    "cpu_credits": "string"
                  }
                ]
              ],
              "disable_api_termination": "bool",
              "ebs_block_device": [
                "set",
                [
                  "object",
                  {
                    "delete_on_termination": "bool",
                    "device_name": "string",
                    "encrypted": "bool",
                    "iops": "number",
                    "kms_key_id": "string",
                    "snapshot_id": "string",
                    "volume_id": "string",
                    "volume_size": "number",
                    "volume_type": "string"
                  }
                ]
              ],
              "ebs_optimized": "bool",
              "ephemeral_block_device": [
                "set",
                [
                  "object",
                  {
                    "device_name": "string",
                    "no_device": "bool",
                    "virtual_name": "string"
                  }
                ]
              ],
              "get_password_data": "bool",
              "host_id": "string",
              "iam_instance_profile": "string",
              "id": "string",
              "instance_initiated_shutdown_behavior": "string",
              "instance_state": "string",
              "instance_type": "string",
              "ipv6_address_count": "number",
              "ipv6_addresses": [
                "list",
                "string"
              ],
              "key_name": "string",
              "monitoring": "bool",
              "network_interface": [
                "set",
                [
                  "object",
                  {
                    "delete_on_termination": "bool",
                    "device_index": "number",
                    "network_interface_id": "string"
                  }
                ]
              ],
              "network_interface_id": "string",
              "password_data": "string",
              "placement_group": "string",
              "primary_network_interface_id": "string",
              "private_dns": "string",
              "private_ip": "string",
              "public_dns": "string",
              "public_ip": "string",
              "root_block_device": [
                "list",
                [
                  "object",
                  {
                    "delete_on_termination": "bool",
                    "encrypted": "bool",
                    "iops": "number",
                    "kms_key_id": "string",
                    "volume_id": "string",
                    "volume_size": "number",
                    "volume_type": "string"
                  }
                ]
              ],
              "security_groups": [
                "set",
                "string"
              ],
              "source_dest_check": "bool",
              "subnet_id": "string",
              "tags": [
                "map",
                "string"
              ],
              "tenancy": "string",
              "timeouts": [
                "object",
                {
                  "create": "string",
                  "delete": "string",
                  "update": "string"
                }
              ],
              "user_data": "string",
              "user_data_base64": "string",
              "volume_tags": [
                "map",
                "string"
              ],
              "vpc_security_group_ids": [
                "set",
                "string"
              ]
            }
          ],
          [
            "object",
            {
              "ami": "string",
              "arn": "string",
              "associate_public_ip_address": "bool",
              "availability_zone": "string",
              "cpu_core_count": "number",
              "cpu_threads_per_core": "number",
              "credit_specification": [
                "list",
                [
                  "object",
                  {
                    "cpu_credits": "string"
                  }
                ]
              ],
              "disable_api_termination": "bool",
              "ebs_block_device": [
                "set",
                [
                  "object",
                  {
                    "delete_on_termination": "bool",
                    "device_name": "string",
                    "encrypted": "bool",
                    "iops": "number",
                    "kms_key_id": "string",
                    "snapshot_id": "string",
                    "volume_id": "string",
                    "volume_size": "number",
                    "volume_type": "string"
                  }
                ]
              ],
              "ebs_optimized": "bool",
              "ephemeral_block_device": [
                "set",
                [
                  "object",
                  {
                    "device_name": "string",
                    "no_device": "bool",
                    "virtual_name": "string"
                  }
                ]
              ],
              "get_password_data": "bool",
              "host_id": "string",
              "iam_instance_profile": "string",
              "id": "string",
              "instance_initiated_shutdown_behavior": "string",
              "instance_state": "string",
              "instance_type": "string",
              "ipv6_address_count": "number",
              "ipv6_addresses": [
                "list",
                "string"
              ],
              "key_name": "string",
              "monitoring": "bool",
              "network_interface": [
                "set",
                [
                  "object",
                  {
                    "delete_on_termination": "bool",
                    "device_index": "number",
                    "network_interface_id": "string"
                  }
                ]
              ],
              "network_interface_id": "string",
              "password_data": "string",
              "placement_group": "string",
              "primary_network_interface_id": "string",
              "private_dns": "string",
              "private_ip": "string",
              "public_dns": "string",
              "public_ip": "string",
              "root_block_device": [
                "list",
                [
                  "object",
                  {
                    "delete_on_termination": "bool",
                    "encrypted": "bool",
                    "iops": "number",
                    "kms_key_id": "string",
                    "volume_id": "string",
                    "volume_size": "number",
                    "volume_type": "string"
                  }
                ]
              ],
              "security_groups": [
                "set",
                "string"
              ],
              "source_dest_check": "bool",
              "subnet_id": "string",
              "tags": [
                "map",
                "string"
              ],
              "tenancy": "string",
              "timeouts": [
                "object",
                {
                  "create": "string",
                  "delete": "string",
                  "update": "string"
                }
              ],
              "user_data": "string",
              "user_data_base64": "string",
              "volume_tags": [
                "map",
                "string"
              ],
              "vpc_security_group_ids": [
                "set",
                "string"
              ]
            }
          ]
        ]
      ]
    }
  },
  "resources": [
    {
      "mode": "managed",
      "type": "aws_instance",
      "name": "WWWHosts",
      "each": "list",
      "provider": "provider.aws",
      "instances": [
        {
          "index_key": 0,
          "schema_version": 1,
          "attributes": {
            "ami": "ami-094ce8f9bad208212",
            "arn": "arn:aws:ec2:eu-central-1:302604712191:instance/i-0a61ed73975897498",
            "associate_public_ip_address": true,
            "availability_zone": "eu-central-1b",
            "cpu_core_count": 1,
            "cpu_threads_per_core": 1,
            "credit_specification": [
              {
                "cpu_credits": "standard"
              }
            ],
            "disable_api_termination": false,
            "ebs_block_device": [],
            "ebs_optimized": false,
            "ephemeral_block_device": [],
            "get_password_data": true,
            "host_id": null,
            "iam_instance_profile": "",
            "id": "i-0a61ed73975897498",
            "instance_initiated_shutdown_behavior": null,
            "instance_state": "running",
            "instance_type": "t2.micro",
            "ipv6_address_count": 0,
            "ipv6_addresses": [],
            "key_name": "WindowsKeys",
            "monitoring": false,
            "network_interface": [],
            "network_interface_id": null,
            "password_data": "LMtaGSmGkguuPdPkUuYlpG5LCsiDPerdGU1r8353T6WmZ7fyzplyc9cI/N6q24MZrcas/z2NdeyddHiV65LC1bud+0HUZsoXEKSzJy2x/uOyuyC6nWN0ulOQfTtx+XHJn/anXvESd5NfvrPoqekIf7k7NiqLrEqQsNwcNBqzQOQ4+ySgQKAe/QksEq7YUDYT+D1JJenmHAK/8gfjrF/pTJMXrhik1unmPPc7By6FNL42PU+pYVTHerN6piEuWcOmYfOGRwd57iQ4v4MwZuBhlAgoPxVAUcIMayGcDt8rrNupmGwTg7slEtHKO35xjD0Cof8wahdT9JUwsOlD0jL8zw==",
            "placement_group": "",
            "primary_network_interface_id": "eni-0ff2f3a32d350833b",
            "private_dns": "ip-172-31-44-227.eu-central-1.compute.internal",
            "private_ip": "172.31.44.227",
            "public_dns": "ec2-18-185-131-163.eu-central-1.compute.amazonaws.com",
            "public_ip": "18.185.131.163",
            "root_block_device": [
              {
                "delete_on_termination": true,
                "encrypted": false,
                "iops": 100,
                "kms_key_id": "",
                "volume_id": "vol-08bf9cf2f87a0bab9",
                "volume_size": 30,
                "volume_type": "gp2"
              }
            ],
            "security_groups": [
              "IISWindows"
            ],
            "source_dest_check": true,
            "subnet_id": "subnet-49a8bd34",
            "tags": {
              "Name": "IIS"
            },
            "tenancy": "default",
            "timeouts": null,
            "user_data": "876d93c3c2025d9a9bf8c0701fc7cf128530fb5d",
            "user_data_base64": null,
            "volume_tags": {},
            "vpc_security_group_ids": [
              "sg-071bf88b79626bbdb"
            ]
          },
          "private": "eyJlMmJmYjczMC1lY2FhLTExZTYtOGY4OC0zNDM2M2JjN2M0YzAiOnsiY3JlYXRlIjo2MDAwMDAwMDAwMDAsImRlbGV0ZSI6MTIwMDAwMDAwMDAwMCwidXBkYXRlIjo2MDAwMDAwMDAwMDB9LCJzY2hlbWFfdmVyc2lvbiI6IjEifQ==",
          "dependencies": [
            "aws_security_group.IISWindows"
          ]
        },
        {
          "index_key": 1,
          "schema_version": 1,
          "attributes": {
            "ami": "ami-094ce8f9bad208212",
            "arn": "arn:aws:ec2:eu-central-1:302604712191:instance/i-019e2f57a7996bbc8",
            "associate_public_ip_address": true,
            "availability_zone": "eu-central-1b",
            "cpu_core_count": 1,
            "cpu_threads_per_core": 1,
            "credit_specification": [
              {
                "cpu_credits": "standard"
              }
            ],
            "disable_api_termination": false,
            "ebs_block_device": [],
            "ebs_optimized": false,
            "ephemeral_block_device": [],
            "get_password_data": true,
            "host_id": null,
            "iam_instance_profile": "",
            "id": "i-019e2f57a7996bbc8",
            "instance_initiated_shutdown_behavior": null,
            "instance_state": "running",
            "instance_type": "t2.micro",
            "ipv6_address_count": 0,
            "ipv6_addresses": [],
            "key_name": "WindowsKeys",
            "monitoring": false,
            "network_interface": [],
            "network_interface_id": null,
            "password_data": "OJrmDt2XWHeYk5Lj8f4jy7zvgq+2kCvn6HWLMIOA9HdSu353r4qRkJWXYO+2nBBgaXweofS399Tcv/fwwP10dvmtdV8+Pl+FQCbmYvuDPuUKQE4KElzDa6mPMzn7NtfAxdsr5Ku0AQ/b/GIVh4dMecW7nahsbjB32fffVlk17pD/kCZT6awJdCPqsxtOW07ZoC5Jbb1aoqcJ71uWepEERFrwmvDqbvLlNNhk8vJYZzqEXkfUMgCmgFirqBj0eKamlzJsQmBV3Ap2Dq6PEgHb8HbhR7i5busEBIykmz5wDhovaCpwfgO/rmYkoR+NRmU1G5S68Z0K9PvXTHpIUMvNkQ==",
            "placement_group": "",
            "primary_network_interface_id": "eni-0044d97ec70bf1581",
            "private_dns": "ip-172-31-41-246.eu-central-1.compute.internal",
            "private_ip": "172.31.41.246",
            "public_dns": "ec2-18-195-106-142.eu-central-1.compute.amazonaws.com",
            "public_ip": "18.195.106.142",
            "root_block_device": [
              {
                "delete_on_termination": true,
                "encrypted": false,
                "iops": 100,
                "kms_key_id": "",
                "volume_id": "vol-0669f994736d729b5",
                "volume_size": 30,
                "volume_type": "gp2"
              }
            ],
            "security_groups": [
              "IISWindows"
            ],
            "source_dest_check": true,
            "subnet_id": "subnet-49a8bd34",
            "tags": {
              "Name": "IIS"
            },
            "tenancy": "default",
            "timeouts": null,
            "user_data": "876d93c3c2025d9a9bf8c0701fc7cf128530fb5d",
            "user_data_base64": null,
            "volume_tags": {},
            "vpc_security_group_ids": [
              "sg-071bf88b79626bbdb"
            ]
          },
          "private": "eyJlMmJmYjczMC1lY2FhLTExZTYtOGY4OC0zNDM2M2JjN2M0YzAiOnsiY3JlYXRlIjo2MDAwMDAwMDAwMDAsImRlbGV0ZSI6MTIwMDAwMDAwMDAwMCwidXBkYXRlIjo2MDAwMDAwMDAwMDB9LCJzY2hlbWFfdmVyc2lvbiI6IjEifQ==",
          "dependencies": [
            "aws_security_group.IISWindows"
          ]
        },
        {
          "index_key": 2,
          "schema_version": 1,
          "attributes": {
            "ami": "ami-094ce8f9bad208212",
            "arn": "arn:aws:ec2:eu-central-1:302604712191:instance/i-0d4c9f6ce50052ada",
            "associate_public_ip_address": true,
            "availability_zone": "eu-central-1b",
            "cpu_core_count": 1,
            "cpu_threads_per_core": 1,
            "credit_specification": [
              {
                "cpu_credits": "standard"
              }
            ],
            "disable_api_termination": false,
            "ebs_block_device": [],
            "ebs_optimized": false,
            "ephemeral_block_device": [],
            "get_password_data": true,
            "host_id": null,
            "iam_instance_profile": "",
            "id": "i-0d4c9f6ce50052ada",
            "instance_initiated_shutdown_behavior": null,
            "instance_state": "running",
            "instance_type": "t2.micro",
            "ipv6_address_count": 0,
            "ipv6_addresses": [],
            "key_name": "WindowsKeys",
            "monitoring": false,
            "network_interface": [],
            "network_interface_id": null,
            "password_data": "jNRaw6lrsim/YVNuA4NSWHGydccuz30BHA6dq91flV168cu2w3LiVU8rwYNnZOybeRurA7rcO2GqffuI/+ipDkJHXQWScxQLX1J562PDC5+EJ1wru/r12/TMPhuEsipdkFooSy88IDon5486FnPszC3JgAKadWHiahABpD76jSVnqgLKXU7G7RM2eCRNs3bi3L8WQnRobrs2Dx54oKS3do0PNv2EuFbYXakXjy7fHyQuBcCkAbP8kJREYf19oTIrO0Gvs+UYcKuqQ7GPM3SD3hawntoylqGwYt+ZV5SwZ3CBIl7Kl45VnAOj3w7VuyoGFZ7EHKMD5ftA+r+1w6mMhA==",
            "placement_group": "",
            "primary_network_interface_id": "eni-0880cd56938c07db1",
            "private_dns": "ip-172-31-32-252.eu-central-1.compute.internal",
            "private_ip": "172.31.32.252",
            "public_dns": "ec2-52-59-25-223.eu-central-1.compute.amazonaws.com",
            "public_ip": "52.59.25.223",
            "root_block_device": [
              {
                "delete_on_termination": true,
                "encrypted": false,
                "iops": 100,
                "kms_key_id": "",
                "volume_id": "vol-0c356ba687db940b2",
                "volume_size": 30,
                "volume_type": "gp2"
              }
            ],
            "security_groups": [
              "IISWindows"
            ],
            "source_dest_check": true,
            "subnet_id": "subnet-49a8bd34",
            "tags": {
              "Name": "IIS"
            },
            "tenancy": "default",
            "timeouts": null,
            "user_data": "876d93c3c2025d9a9bf8c0701fc7cf128530fb5d",
            "user_data_base64": null,
            "volume_tags": {},
            "vpc_security_group_ids": [
              "sg-071bf88b79626bbdb"
            ]
          },
          "private": "eyJlMmJmYjczMC1lY2FhLTExZTYtOGY4OC0zNDM2M2JjN2M0YzAiOnsiY3JlYXRlIjo2MDAwMDAwMDAwMDAsImRlbGV0ZSI6MTIwMDAwMDAwMDAwMCwidXBkYXRlIjo2MDAwMDAwMDAwMDB9LCJzY2hlbWFfdmVyc2lvbiI6IjEifQ==",
          "dependencies": [
            "aws_security_group.IISWindows"
          ]
        }
      ]
    },
    {
      "mode": "managed",
      "type": "aws_security_group",
      "name": "IISWindows",
      "provider": "provider.aws",
      "instances": [
        {
          "schema_version": 1,
          "attributes": {
            "arn": "arn:aws:ec2:eu-central-1:302604712191:security-group/sg-071bf88b79626bbdb",
            "description": "Allow WINRM Unencrypted,WWW and RDP traffic",
            "egress": [],
            "id": "sg-071bf88b79626bbdb",
            "ingress": [
              {
                "cidr_blocks": [
                  "0.0.0.0/0"
                ],
                "description": "",
                "from_port": 0,
                "ipv6_cidr_blocks": [],
                "prefix_list_ids": [],
                "protocol": "tcp",
                "security_groups": [],
                "self": false,
                "to_port": 3389
              },
              {
                "cidr_blocks": [
                  "0.0.0.0/0"
                ],
                "description": "",
                "from_port": 0,
                "ipv6_cidr_blocks": [],
                "prefix_list_ids": [],
                "protocol": "tcp",
                "security_groups": [],
                "self": false,
                "to_port": 5985
              },
              {
                "cidr_blocks": [
                  "0.0.0.0/0"
                ],
                "description": "",
                "from_port": 0,
                "ipv6_cidr_blocks": [],
                "prefix_list_ids": [],
                "protocol": "tcp",
                "security_groups": [],
                "self": false,
                "to_port": 80
              }
            ],
            "name": "IISWindows",
            "name_prefix": null,
            "owner_id": "302604712191",
            "revoke_rules_on_delete": false,
            "tags": null,
            "timeouts": null,
            "vpc_id": "vpc-87f107ed"
          },
          "private": "eyJlMmJmYjczMC1lY2FhLTExZTYtOGY4OC0zNDM2M2JjN2M0YzAiOnsiY3JlYXRlIjo2MDAwMDAwMDAwMDAsImRlbGV0ZSI6NjAwMDAwMDAwMDAwfSwic2NoZW1hX3ZlcnNpb24iOiIxIn0="
        }
      ]
    }
  ]
}
