{
  "version": 4,
  "terraform_version": "0.12.16",
  "serial": 10,
  "lineage": "136b3e22-cfab-a4d3-a4fe-8cac41d092ff",
  "outputs": {
    "instances": {
      "value": [
        {
          "ami": "ami-094ce8f9bad208212",
          "arn": "arn:aws:ec2:eu-central-1:302604712191:instance/i-0100fd44e13c2aeac",
          "associate_public_ip_address": true,
          "availability_zone": "eu-central-1b",
          "cpu_core_count": 1,
          "cpu_threads_per_core": 1,
          "credit_specification": [
            {
              "cpu_credits": "standard"
            }
          ],
          "disable_api_termination": false,
          "ebs_block_device": [],
          "ebs_optimized": false,
          "ephemeral_block_device": [],
          "get_password_data": true,
          "host_id": null,
          "iam_instance_profile": "",
          "id": "i-0100fd44e13c2aeac",
          "instance_initiated_shutdown_behavior": null,
          "instance_state": "running",
          "instance_type": "t2.micro",
          "ipv6_address_count": 0,
          "ipv6_addresses": [],
          "key_name": "WindowsKeys",
          "monitoring": false,
          "network_interface": [],
          "network_interface_id": null,
          "password_data": "i+lBecwoP0bY4SYUjID26g3spycBeCP3UEzAyIVYtP3SCZ7yeIZst5FtWcD7OOGBg2W4hPVKGp98V6QU5H6K7xxP8xVIkjfwisBFdx/TY2RrxIqZyAAAxo/Keq7JMHf/EiP0rjDqleFbRlu2e8jDkKctyzEEg66ttlfCEMhk4hnbyPTLfPEmfyq62J8deoXd4bdlqSCimuUG03If6fxauyC0wbnJQlnlVY2/OpFY21n5wy4/uvF/hjjHm8kHYrV96EWpmDezO4sgSLQsBnsQc9M079dil4A3t3Er/3DVggpZ56VOo/mmFNmbKGTC/pNmRPbulWLKDjn+XnweSE3iFw==",
          "placement_group": "",
          "primary_network_interface_id": "eni-0d284b8c90e11462b",
          "private_dns": "ip-172-31-42-128.eu-central-1.compute.internal",
          "private_ip": "172.31.42.128",
          "public_dns": "ec2-52-59-198-193.eu-central-1.compute.amazonaws.com",
          "public_ip": "52.59.198.193",
          "root_block_device": [
            {
              "delete_on_termination": true,
              "encrypted": false,
              "iops": 100,
              "kms_key_id": "",
              "volume_id": "vol-08efc8e0f821f3aed",
              "volume_size": 30,
              "volume_type": "gp2"
            }
          ],
          "security_groups": [
            "IISWindows"
          ],
          "source_dest_check": true,
          "subnet_id": "subnet-49a8bd34",
          "tags": {
            "Name": "IIS"
          },
          "tenancy": "default",
          "timeouts": null,
          "user_data": "1f3f625cc89fef46b52dd6d2ffcfeea4bb6d3d95",
          "user_data_base64": null,
          "volume_tags": {},
          "vpc_security_group_ids": [
            "sg-038fc7c0c122cc6be"
          ]
        },
        {
          "ami": "ami-094ce8f9bad208212",
          "arn": "arn:aws:ec2:eu-central-1:302604712191:instance/i-023f68f8402ab0503",
          "associate_public_ip_address": true,
          "availability_zone": "eu-central-1b",
          "cpu_core_count": 1,
          "cpu_threads_per_core": 1,
          "credit_specification": [
            {
              "cpu_credits": "standard"
            }
          ],
          "disable_api_termination": false,
          "ebs_block_device": [],
          "ebs_optimized": false,
          "ephemeral_block_device": [],
          "get_password_data": true,
          "host_id": null,
          "iam_instance_profile": "",
          "id": "i-023f68f8402ab0503",
          "instance_initiated_shutdown_behavior": null,
          "instance_state": "running",
          "instance_type": "t2.micro",
          "ipv6_address_count": 0,
          "ipv6_addresses": [],
          "key_name": "WindowsKeys",
          "monitoring": false,
          "network_interface": [],
          "network_interface_id": null,
          "password_data": "TAo597HlcHkSsf6+pN89KE54p3j9sLfW8ezdCWb0KQCy+cvoX4kTOuSPLrVNwwxTZsYHAqkU0sUHJBKWI2I9lFo5/5qGeu8L4Gk4W7zpQcx0ZkoYlY1C/Jq0dpBJBE01tq/ZamF7TYpZaEhfi7c6+YwR6FEiZLCFSkEqHuqg8otlY4N3trxsuMDGmqSxP8Wa1UaGwWUqCIdTpLFwcw7fMu60eEiB2HJMokusfar69sboNzUHe0rAeXQ+seePopUIcdKCVTeF1oIhRyDzo5IiTuzHO4JlKCxhbhrZx6sT2VOAbLCDcRBC5/3I8fOxQrLH1YKhKdc1r8Hn99avELywWw==",
          "placement_group": "",
          "primary_network_interface_id": "eni-0c6ac6eb86e22eb28",
          "private_dns": "ip-172-31-46-138.eu-central-1.compute.internal",
          "private_ip": "172.31.46.138",
          "public_dns": "ec2-18-196-147-191.eu-central-1.compute.amazonaws.com",
          "public_ip": "18.196.147.191",
          "root_block_device": [
            {
              "delete_on_termination": true,
              "encrypted": false,
              "iops": 100,
              "kms_key_id": "",
              "volume_id": "vol-077c97def5b6db839",
              "volume_size": 30,
              "volume_type": "gp2"
            }
          ],
          "security_groups": [
            "IISWindows"
          ],
          "source_dest_check": true,
          "subnet_id": "subnet-49a8bd34",
          "tags": {
            "Name": "IIS"
          },
          "tenancy": "default",
          "timeouts": null,
          "user_data": "1f3f625cc89fef46b52dd6d2ffcfeea4bb6d3d95",
          "user_data_base64": null,
          "volume_tags": {},
          "vpc_security_group_ids": [
            "sg-038fc7c0c122cc6be"
          ]
        },
        {
          "ami": "ami-094ce8f9bad208212",
          "arn": "arn:aws:ec2:eu-central-1:302604712191:instance/i-0e037331a400187be",
          "associate_public_ip_address": true,
          "availability_zone": "eu-central-1b",
          "cpu_core_count": 1,
          "cpu_threads_per_core": 1,
          "credit_specification": [
            {
              "cpu_credits": "standard"
            }
          ],
          "disable_api_termination": false,
          "ebs_block_device": [],
          "ebs_optimized": false,
          "ephemeral_block_device": [],
          "get_password_data": true,
          "host_id": null,
          "iam_instance_profile": "",
          "id": "i-0e037331a400187be",
          "instance_initiated_shutdown_behavior": null,
          "instance_state": "running",
          "instance_type": "t2.micro",
          "ipv6_address_count": 0,
          "ipv6_addresses": [],
          "key_name": "WindowsKeys",
          "monitoring": false,
          "network_interface": [],
          "network_interface_id": null,
          "password_data": "dKXmpV/YnPr1MtMexvPZou96vmAgKjsbZcrDv/iuHi5yuLhmy45qBEpM7/TY9DN13uL5huXeTlWOVCuXh9QQQ+ML+NDMHu3lF7Ks0pZu2MYlOEO3sRh5en2GufVBHwE4rsxm4RaNVzrvwyou5orNeHv2tm9ier1/Z65aOoJsBEv38kP8xR6d0ug3JBs7chFCOT5wCXDxa6z2UT6pBu1a17rwPxj/QM0cHRkf4BzYmMXW0s85NC+wJwOqyusedVoP6goUKSyxOuL9K3MB2Pkdj1sniwVGc3yGm7gP7a0OOox7cx45E7nhJf0YTg3YqvNQoaIVP3m0W1O+cFnuEIodJg==",
          "placement_group": "",
          "primary_network_interface_id": "eni-0bf005640b3079625",
          "private_dns": "ip-172-31-43-130.eu-central-1.compute.internal",
          "private_ip": "172.31.43.130",
          "public_dns": "ec2-18-197-31-159.eu-central-1.compute.amazonaws.com",
          "public_ip": "18.197.31.159",
          "root_block_device": [
            {
              "delete_on_termination": true,
              "encrypted": false,
              "iops": 100,
              "kms_key_id": "",
              "volume_id": "vol-05045620144d33140",
              "volume_size": 30,
              "volume_type": "gp2"
            }
          ],
          "security_groups": [
            "IISWindows"
          ],
          "source_dest_check": true,
          "subnet_id": "subnet-49a8bd34",
          "tags": {
            "Name": "IIS"
          },
          "tenancy": "default",
          "timeouts": null,
          "user_data": "1f3f625cc89fef46b52dd6d2ffcfeea4bb6d3d95",
          "user_data_base64": null,
          "volume_tags": {},
          "vpc_security_group_ids": [
            "sg-038fc7c0c122cc6be"
          ]
        }
      ],
      "type": [
        "tuple",
        [
          [
            "object",
            {
              "ami": "string",
              "arn": "string",
              "associate_public_ip_address": "bool",
              "availability_zone": "string",
              "cpu_core_count": "number",
              "cpu_threads_per_core": "number",
              "credit_specification": [
                "list",
                [
                  "object",
                  {
                    "cpu_credits": "string"
                  }
                ]
              ],
              "disable_api_termination": "bool",
              "ebs_block_device": [
                "set",
                [
                  "object",
                  {
                    "delete_on_termination": "bool",
                    "device_name": "string",
                    "encrypted": "bool",
                    "iops": "number",
                    "kms_key_id": "string",
                    "snapshot_id": "string",
                    "volume_id": "string",
                    "volume_size": "number",
                    "volume_type": "string"
                  }
                ]
              ],
              "ebs_optimized": "bool",
              "ephemeral_block_device": [
                "set",
                [
                  "object",
                  {
                    "device_name": "string",
                    "no_device": "bool",
                    "virtual_name": "string"
                  }
                ]
              ],
              "get_password_data": "bool",
              "host_id": "string",
              "iam_instance_profile": "string",
              "id": "string",
              "instance_initiated_shutdown_behavior": "string",
              "instance_state": "string",
              "instance_type": "string",
              "ipv6_address_count": "number",
              "ipv6_addresses": [
                "list",
                "string"
              ],
              "key_name": "string",
              "monitoring": "bool",
              "network_interface": [
                "set",
                [
                  "object",
                  {
                    "delete_on_termination": "bool",
                    "device_index": "number",
                    "network_interface_id": "string"
                  }
                ]
              ],
              "network_interface_id": "string",
              "password_data": "string",
              "placement_group": "string",
              "primary_network_interface_id": "string",
              "private_dns": "string",
              "private_ip": "string",
              "public_dns": "string",
              "public_ip": "string",
              "root_block_device": [
                "list",
                [
                  "object",
                  {
                    "delete_on_termination": "bool",
                    "encrypted": "bool",
                    "iops": "number",
                    "kms_key_id": "string",
                    "volume_id": "string",
                    "volume_size": "number",
                    "volume_type": "string"
                  }
                ]
              ],
              "security_groups": [
                "set",
                "string"
              ],
              "source_dest_check": "bool",
              "subnet_id": "string",
              "tags": [
                "map",
                "string"
              ],
              "tenancy": "string",
              "timeouts": [
                "object",
                {
                  "create": "string",
                  "delete": "string",
                  "update": "string"
                }
              ],
              "user_data": "string",
              "user_data_base64": "string",
              "volume_tags": [
                "map",
                "string"
              ],
              "vpc_security_group_ids": [
                "set",
                "string"
              ]
            }
          ],
          [
            "object",
            {
              "ami": "string",
              "arn": "string",
              "associate_public_ip_address": "bool",
              "availability_zone": "string",
              "cpu_core_count": "number",
              "cpu_threads_per_core": "number",
              "credit_specification": [
                "list",
                [
                  "object",
                  {
                    "cpu_credits": "string"
                  }
                ]
              ],
              "disable_api_termination": "bool",
              "ebs_block_device": [
                "set",
                [
                  "object",
                  {
                    "delete_on_termination": "bool",
                    "device_name": "string",
                    "encrypted": "bool",
                    "iops": "number",
                    "kms_key_id": "string",
                    "snapshot_id": "string",
                    "volume_id": "string",
                    "volume_size": "number",
                    "volume_type": "string"
                  }
                ]
              ],
              "ebs_optimized": "bool",
              "ephemeral_block_device": [
                "set",
                [
                  "object",
                  {
                    "device_name": "string",
                    "no_device": "bool",
                    "virtual_name": "string"
                  }
                ]
              ],
              "get_password_data": "bool",
              "host_id": "string",
              "iam_instance_profile": "string",
              "id": "string",
              "instance_initiated_shutdown_behavior": "string",
              "instance_state": "string",
              "instance_type": "string",
              "ipv6_address_count": "number",
              "ipv6_addresses": [
                "list",
                "string"
              ],
              "key_name": "string",
              "monitoring": "bool",
              "network_interface": [
                "set",
                [
                  "object",
                  {
                    "delete_on_termination": "bool",
                    "device_index": "number",
                    "network_interface_id": "string"
                  }
                ]
              ],
              "network_interface_id": "string",
              "password_data": "string",
              "placement_group": "string",
              "primary_network_interface_id": "string",
              "private_dns": "string",
              "private_ip": "string",
              "public_dns": "string",
              "public_ip": "string",
              "root_block_device": [
                "list",
                [
                  "object",
                  {
                    "delete_on_termination": "bool",
                    "encrypted": "bool",
                    "iops": "number",
                    "kms_key_id": "string",
                    "volume_id": "string",
                    "volume_size": "number",
                    "volume_type": "string"
                  }
                ]
              ],
              "security_groups": [
                "set",
                "string"
              ],
              "source_dest_check": "bool",
              "subnet_id": "string",
              "tags": [
                "map",
                "string"
              ],
              "tenancy": "string",
              "timeouts": [
                "object",
                {
                  "create": "string",
                  "delete": "string",
                  "update": "string"
                }
              ],
              "user_data": "string",
              "user_data_base64": "string",
              "volume_tags": [
                "map",
                "string"
              ],
              "vpc_security_group_ids": [
                "set",
                "string"
              ]
            }
          ],
          [
            "object",
            {
              "ami": "string",
              "arn": "string",
              "associate_public_ip_address": "bool",
              "availability_zone": "string",
              "cpu_core_count": "number",
              "cpu_threads_per_core": "number",
              "credit_specification": [
                "list",
                [
                  "object",
                  {
                    "cpu_credits": "string"
                  }
                ]
              ],
              "disable_api_termination": "bool",
              "ebs_block_device": [
                "set",
                [
                  "object",
                  {
                    "delete_on_termination": "bool",
                    "device_name": "string",
                    "encrypted": "bool",
                    "iops": "number",
                    "kms_key_id": "string",
                    "snapshot_id": "string",
                    "volume_id": "string",
                    "volume_size": "number",
                    "volume_type": "string"
                  }
                ]
              ],
              "ebs_optimized": "bool",
              "ephemeral_block_device": [
                "set",
                [
                  "object",
                  {
                    "device_name": "string",
                    "no_device": "bool",
                    "virtual_name": "string"
                  }
                ]
              ],
              "get_password_data": "bool",
              "host_id": "string",
              "iam_instance_profile": "string",
              "id": "string",
              "instance_initiated_shutdown_behavior": "string",
              "instance_state": "string",
              "instance_type": "string",
              "ipv6_address_count": "number",
              "ipv6_addresses": [
                "list",
                "string"
              ],
              "key_name": "string",
              "monitoring": "bool",
              "network_interface": [
                "set",
                [
                  "object",
                  {
                    "delete_on_termination": "bool",
                    "device_index": "number",
                    "network_interface_id": "string"
                  }
                ]
              ],
              "network_interface_id": "string",
              "password_data": "string",
              "placement_group": "string",
              "primary_network_interface_id": "string",
              "private_dns": "string",
              "private_ip": "string",
              "public_dns": "string",
              "public_ip": "string",
              "root_block_device": [
                "list",
                [
                  "object",
                  {
                    "delete_on_termination": "bool",
                    "encrypted": "bool",
                    "iops": "number",
                    "kms_key_id": "string",
                    "volume_id": "string",
                    "volume_size": "number",
                    "volume_type": "string"
                  }
                ]
              ],
              "security_groups": [
                "set",
                "string"
              ],
              "source_dest_check": "bool",
              "subnet_id": "string",
              "tags": [
                "map",
                "string"
              ],
              "tenancy": "string",
              "timeouts": [
                "object",
                {
                  "create": "string",
                  "delete": "string",
                  "update": "string"
                }
              ],
              "user_data": "string",
              "user_data_base64": "string",
              "volume_tags": [
                "map",
                "string"
              ],
              "vpc_security_group_ids": [
                "set",
                "string"
              ]
            }
          ]
        ]
      ]
    }
  },
  "resources": [
    {
      "mode": "managed",
      "type": "aws_instance",
      "name": "WWWHosts",
      "each": "list",
      "provider": "provider.aws",
      "instances": [
        {
          "index_key": 0,
          "schema_version": 1,
          "attributes": {
            "ami": "ami-094ce8f9bad208212",
            "arn": "arn:aws:ec2:eu-central-1:302604712191:instance/i-0100fd44e13c2aeac",
            "associate_public_ip_address": true,
            "availability_zone": "eu-central-1b",
            "cpu_core_count": 1,
            "cpu_threads_per_core": 1,
            "credit_specification": [
              {
                "cpu_credits": "standard"
              }
            ],
            "disable_api_termination": false,
            "ebs_block_device": [],
            "ebs_optimized": false,
            "ephemeral_block_device": [],
            "get_password_data": true,
            "host_id": null,
            "iam_instance_profile": "",
            "id": "i-0100fd44e13c2aeac",
            "instance_initiated_shutdown_behavior": null,
            "instance_state": "running",
            "instance_type": "t2.micro",
            "ipv6_address_count": 0,
            "ipv6_addresses": [],
            "key_name": "WindowsKeys",
            "monitoring": false,
            "network_interface": [],
            "network_interface_id": null,
            "password_data": "i+lBecwoP0bY4SYUjID26g3spycBeCP3UEzAyIVYtP3SCZ7yeIZst5FtWcD7OOGBg2W4hPVKGp98V6QU5H6K7xxP8xVIkjfwisBFdx/TY2RrxIqZyAAAxo/Keq7JMHf/EiP0rjDqleFbRlu2e8jDkKctyzEEg66ttlfCEMhk4hnbyPTLfPEmfyq62J8deoXd4bdlqSCimuUG03If6fxauyC0wbnJQlnlVY2/OpFY21n5wy4/uvF/hjjHm8kHYrV96EWpmDezO4sgSLQsBnsQc9M079dil4A3t3Er/3DVggpZ56VOo/mmFNmbKGTC/pNmRPbulWLKDjn+XnweSE3iFw==",
            "placement_group": "",
            "primary_network_interface_id": "eni-0d284b8c90e11462b",
            "private_dns": "ip-172-31-42-128.eu-central-1.compute.internal",
            "private_ip": "172.31.42.128",
            "public_dns": "ec2-52-59-198-193.eu-central-1.compute.amazonaws.com",
            "public_ip": "52.59.198.193",
            "root_block_device": [
              {
                "delete_on_termination": true,
                "encrypted": false,
                "iops": 100,
                "kms_key_id": "",
                "volume_id": "vol-08efc8e0f821f3aed",
                "volume_size": 30,
                "volume_type": "gp2"
              }
            ],
            "security_groups": [
              "IISWindows"
            ],
            "source_dest_check": true,
            "subnet_id": "subnet-49a8bd34",
            "tags": {
              "Name": "IIS"
            },
            "tenancy": "default",
            "timeouts": null,
            "user_data": "1f3f625cc89fef46b52dd6d2ffcfeea4bb6d3d95",
            "user_data_base64": null,
            "volume_tags": {},
            "vpc_security_group_ids": [
              "sg-038fc7c0c122cc6be"
            ]
          },
          "private": "eyJlMmJmYjczMC1lY2FhLTExZTYtOGY4OC0zNDM2M2JjN2M0YzAiOnsiY3JlYXRlIjo2MDAwMDAwMDAwMDAsImRlbGV0ZSI6MTIwMDAwMDAwMDAwMCwidXBkYXRlIjo2MDAwMDAwMDAwMDB9LCJzY2hlbWFfdmVyc2lvbiI6IjEifQ==",
          "dependencies": [
            "aws_security_group.IISWindows"
          ]
        },
        {
          "index_key": 1,
          "schema_version": 1,
          "attributes": {
            "ami": "ami-094ce8f9bad208212",
            "arn": "arn:aws:ec2:eu-central-1:302604712191:instance/i-023f68f8402ab0503",
            "associate_public_ip_address": true,
            "availability_zone": "eu-central-1b",
            "cpu_core_count": 1,
            "cpu_threads_per_core": 1,
            "credit_specification": [
              {
                "cpu_credits": "standard"
              }
            ],
            "disable_api_termination": false,
            "ebs_block_device": [],
            "ebs_optimized": false,
            "ephemeral_block_device": [],
            "get_password_data": true,
            "host_id": null,
            "iam_instance_profile": "",
            "id": "i-023f68f8402ab0503",
            "instance_initiated_shutdown_behavior": null,
            "instance_state": "running",
            "instance_type": "t2.micro",
            "ipv6_address_count": 0,
            "ipv6_addresses": [],
            "key_name": "WindowsKeys",
            "monitoring": false,
            "network_interface": [],
            "network_interface_id": null,
            "password_data": "TAo597HlcHkSsf6+pN89KE54p3j9sLfW8ezdCWb0KQCy+cvoX4kTOuSPLrVNwwxTZsYHAqkU0sUHJBKWI2I9lFo5/5qGeu8L4Gk4W7zpQcx0ZkoYlY1C/Jq0dpBJBE01tq/ZamF7TYpZaEhfi7c6+YwR6FEiZLCFSkEqHuqg8otlY4N3trxsuMDGmqSxP8Wa1UaGwWUqCIdTpLFwcw7fMu60eEiB2HJMokusfar69sboNzUHe0rAeXQ+seePopUIcdKCVTeF1oIhRyDzo5IiTuzHO4JlKCxhbhrZx6sT2VOAbLCDcRBC5/3I8fOxQrLH1YKhKdc1r8Hn99avELywWw==",
            "placement_group": "",
            "primary_network_interface_id": "eni-0c6ac6eb86e22eb28",
            "private_dns": "ip-172-31-46-138.eu-central-1.compute.internal",
            "private_ip": "172.31.46.138",
            "public_dns": "ec2-18-196-147-191.eu-central-1.compute.amazonaws.com",
            "public_ip": "18.196.147.191",
            "root_block_device": [
              {
                "delete_on_termination": true,
                "encrypted": false,
                "iops": 100,
                "kms_key_id": "",
                "volume_id": "vol-077c97def5b6db839",
                "volume_size": 30,
                "volume_type": "gp2"
              }
            ],
            "security_groups": [
              "IISWindows"
            ],
            "source_dest_check": true,
            "subnet_id": "subnet-49a8bd34",
            "tags": {
              "Name": "IIS"
            },
            "tenancy": "default",
            "timeouts": null,
            "user_data": "1f3f625cc89fef46b52dd6d2ffcfeea4bb6d3d95",
            "user_data_base64": null,
            "volume_tags": {},
            "vpc_security_group_ids": [
              "sg-038fc7c0c122cc6be"
            ]
          },
          "private": "eyJlMmJmYjczMC1lY2FhLTExZTYtOGY4OC0zNDM2M2JjN2M0YzAiOnsiY3JlYXRlIjo2MDAwMDAwMDAwMDAsImRlbGV0ZSI6MTIwMDAwMDAwMDAwMCwidXBkYXRlIjo2MDAwMDAwMDAwMDB9LCJzY2hlbWFfdmVyc2lvbiI6IjEifQ==",
          "dependencies": [
            "aws_security_group.IISWindows"
          ]
        },
        {
          "index_key": 2,
          "schema_version": 1,
          "attributes": {
            "ami": "ami-094ce8f9bad208212",
            "arn": "arn:aws:ec2:eu-central-1:302604712191:instance/i-0e037331a400187be",
            "associate_public_ip_address": true,
            "availability_zone": "eu-central-1b",
            "cpu_core_count": 1,
            "cpu_threads_per_core": 1,
            "credit_specification": [
              {
                "cpu_credits": "standard"
              }
            ],
            "disable_api_termination": false,
            "ebs_block_device": [],
            "ebs_optimized": false,
            "ephemeral_block_device": [],
            "get_password_data": true,
            "host_id": null,
            "iam_instance_profile": "",
            "id": "i-0e037331a400187be",
            "instance_initiated_shutdown_behavior": null,
            "instance_state": "running",
            "instance_type": "t2.micro",
            "ipv6_address_count": 0,
            "ipv6_addresses": [],
            "key_name": "WindowsKeys",
            "monitoring": false,
            "network_interface": [],
            "network_interface_id": null,
            "password_data": "dKXmpV/YnPr1MtMexvPZou96vmAgKjsbZcrDv/iuHi5yuLhmy45qBEpM7/TY9DN13uL5huXeTlWOVCuXh9QQQ+ML+NDMHu3lF7Ks0pZu2MYlOEO3sRh5en2GufVBHwE4rsxm4RaNVzrvwyou5orNeHv2tm9ier1/Z65aOoJsBEv38kP8xR6d0ug3JBs7chFCOT5wCXDxa6z2UT6pBu1a17rwPxj/QM0cHRkf4BzYmMXW0s85NC+wJwOqyusedVoP6goUKSyxOuL9K3MB2Pkdj1sniwVGc3yGm7gP7a0OOox7cx45E7nhJf0YTg3YqvNQoaIVP3m0W1O+cFnuEIodJg==",
            "placement_group": "",
            "primary_network_interface_id": "eni-0bf005640b3079625",
            "private_dns": "ip-172-31-43-130.eu-central-1.compute.internal",
            "private_ip": "172.31.43.130",
            "public_dns": "ec2-18-197-31-159.eu-central-1.compute.amazonaws.com",
            "public_ip": "18.197.31.159",
            "root_block_device": [
              {
                "delete_on_termination": true,
                "encrypted": false,
                "iops": 100,
                "kms_key_id": "",
                "volume_id": "vol-05045620144d33140",
                "volume_size": 30,
                "volume_type": "gp2"
              }
            ],
            "security_groups": [
              "IISWindows"
            ],
            "source_dest_check": true,
            "subnet_id": "subnet-49a8bd34",
            "tags": {
              "Name": "IIS"
            },
            "tenancy": "default",
            "timeouts": null,
            "user_data": "1f3f625cc89fef46b52dd6d2ffcfeea4bb6d3d95",
            "user_data_base64": null,
            "volume_tags": {},
            "vpc_security_group_ids": [
              "sg-038fc7c0c122cc6be"
            ]
          },
          "private": "eyJlMmJmYjczMC1lY2FhLTExZTYtOGY4OC0zNDM2M2JjN2M0YzAiOnsiY3JlYXRlIjo2MDAwMDAwMDAwMDAsImRlbGV0ZSI6MTIwMDAwMDAwMDAwMCwidXBkYXRlIjo2MDAwMDAwMDAwMDB9LCJzY2hlbWFfdmVyc2lvbiI6IjEifQ==",
          "dependencies": [
            "aws_security_group.IISWindows"
          ]
        }
      ]
    },
    {
      "mode": "managed",
      "type": "aws_security_group",
      "name": "IISWindows",
      "provider": "provider.aws",
      "instances": [
        {
          "schema_version": 1,
          "attributes": {
            "arn": "arn:aws:ec2:eu-central-1:302604712191:security-group/sg-038fc7c0c122cc6be",
            "description": "Allow WINRM Unencrypted,WWW and RDP traffic",
            "egress": [],
            "id": "sg-038fc7c0c122cc6be",
            "ingress": [
              {
                "cidr_blocks": [
                  "0.0.0.0/0"
                ],
                "description": "",
                "from_port": 0,
                "ipv6_cidr_blocks": [],
                "prefix_list_ids": [],
                "protocol": "tcp",
                "security_groups": [],
                "self": false,
                "to_port": 3389
              },
              {
                "cidr_blocks": [
                  "0.0.0.0/0"
                ],
                "description": "",
                "from_port": 0,
                "ipv6_cidr_blocks": [],
                "prefix_list_ids": [],
                "protocol": "tcp",
                "security_groups": [],
                "self": false,
                "to_port": 5985
              },
              {
                "cidr_blocks": [
                  "0.0.0.0/0"
                ],
                "description": "",
                "from_port": 0,
                "ipv6_cidr_blocks": [],
                "prefix_list_ids": [],
                "protocol": "tcp",
                "security_groups": [],
                "self": false,
                "to_port": 80
              }
            ],
            "name": "IISWindows",
            "name_prefix": null,
            "owner_id": "302604712191",
            "revoke_rules_on_delete": false,
            "tags": null,
            "timeouts": null,
            "vpc_id": "vpc-87f107ed"
          },
          "private": "eyJlMmJmYjczMC1lY2FhLTExZTYtOGY4OC0zNDM2M2JjN2M0YzAiOnsiY3JlYXRlIjo2MDAwMDAwMDAwMDAsImRlbGV0ZSI6NjAwMDAwMDAwMDAwfSwic2NoZW1hX3ZlcnNpb24iOiIxIn0="
        }
      ]
    }
  ]
}
