{
  "version": 4,
  "terraform_version": "0.12.16",
  "serial": 5,
  "lineage": "136b3e22-cfab-a4d3-a4fe-8cac41d092ff",
  "outputs": {
    "instances": {
      "value": [
        {
          "ami": "ami-094ce8f9bad208212",
          "arn": "arn:aws:ec2:eu-central-1:302604712191:instance/i-06c47581e3fdc7a70",
          "associate_public_ip_address": true,
          "availability_zone": "eu-central-1b",
          "cpu_core_count": 1,
          "cpu_threads_per_core": 1,
          "credit_specification": [
            {
              "cpu_credits": "standard"
            }
          ],
          "disable_api_termination": false,
          "ebs_block_device": [],
          "ebs_optimized": false,
          "ephemeral_block_device": [],
          "get_password_data": true,
          "host_id": null,
          "iam_instance_profile": "",
          "id": "i-06c47581e3fdc7a70",
          "instance_initiated_shutdown_behavior": null,
          "instance_state": "running",
          "instance_type": "t2.micro",
          "ipv6_address_count": 0,
          "ipv6_addresses": [],
          "key_name": "WindowsKeys",
          "monitoring": false,
          "network_interface": [],
          "network_interface_id": null,
          "password_data": "gSyUlz0V31yKKTQnisDVl4G0t62VbZVJx0FpaXoBSR4rfVjGJ1NSpAjYy/JskDZWsX2r3uj+ldM9Pl8G/6b7Re6s+/D54feX3qqlz+CDhZt/ArkqfCRVbZkhDUKeEuwfHdn9Psf1D1Xom3UTnkI9V595paYw02ENZTCc7lNzFnF4TLy9xqIiaCz68D13N+ze5l0M0TGKRoGi5JINDkw8TpqZxWbdHtFI+zuyBAWlRt/5laDZ5wS2oN1avD1WQKzSzt7LfBlnGqpvhn7lRhuxYhB3S5luNxcOHMt6rbaZDbH2AmNIesu0nL1SXUvuIUXLykOKwz+fgl/lQAvNDa4xZQ==",
          "placement_group": "",
          "primary_network_interface_id": "eni-0b5785f74efb806ff",
          "private_dns": "ip-172-31-36-128.eu-central-1.compute.internal",
          "private_ip": "172.31.36.128",
          "public_dns": "ec2-35-157-236-73.eu-central-1.compute.amazonaws.com",
          "public_ip": "35.157.236.73",
          "root_block_device": [
            {
              "delete_on_termination": true,
              "encrypted": false,
              "iops": 100,
              "kms_key_id": "",
              "volume_id": "vol-0da39f818fe12648e",
              "volume_size": 30,
              "volume_type": "gp2"
            }
          ],
          "security_groups": [
            "IISWindows"
          ],
          "source_dest_check": true,
          "subnet_id": "subnet-49a8bd34",
          "tags": {
            "Name": "IIS"
          },
          "tenancy": "default",
          "timeouts": null,
          "user_data": "1f3f625cc89fef46b52dd6d2ffcfeea4bb6d3d95",
          "user_data_base64": null,
          "volume_tags": {},
          "vpc_security_group_ids": [
            "sg-0573ab8bddbaca6e9"
          ]
        },
        {
          "ami": "ami-094ce8f9bad208212",
          "arn": "arn:aws:ec2:eu-central-1:302604712191:instance/i-02ac9434f9f8278dd",
          "associate_public_ip_address": true,
          "availability_zone": "eu-central-1b",
          "cpu_core_count": 1,
          "cpu_threads_per_core": 1,
          "credit_specification": [
            {
              "cpu_credits": "standard"
            }
          ],
          "disable_api_termination": false,
          "ebs_block_device": [],
          "ebs_optimized": false,
          "ephemeral_block_device": [],
          "get_password_data": true,
          "host_id": null,
          "iam_instance_profile": "",
          "id": "i-02ac9434f9f8278dd",
          "instance_initiated_shutdown_behavior": null,
          "instance_state": "running",
          "instance_type": "t2.micro",
          "ipv6_address_count": 0,
          "ipv6_addresses": [],
          "key_name": "WindowsKeys",
          "monitoring": false,
          "network_interface": [],
          "network_interface_id": null,
          "password_data": "fKjzWXzocqmX5i70su4mKb+IijJMFGbkTJkrlA/h3zXTcTMb/ytgin0ml6PqskN+3Z+plvhYXtEPGT7iksDwcjiXIkRXiJSw9YtpmRetA5AK+24J10WPY3ZeXkOK3JwqdMhmtzkA0tOfyjlWvlUFL57E7Z/V5ugTw5h3T/BsF+Oco78zQANPVvCg4sJ+tBRT8sJ7h0EXnNLeMvHO4uJVQqyG2dYfdRtNVOBpK86yO9OoHpGbejzU2Dr8Ew1FKEiU3RnbuSM3rvlKp67k4/G/rwY2Zu524zPsvQHBsyOZb/tSV7Tra0Zcuq201UQjG737RYxOXjl8GOrA+tnYRv1Zug==",
          "placement_group": "",
          "primary_network_interface_id": "eni-0fd75ace8efef52a5",
          "private_dns": "ip-172-31-37-244.eu-central-1.compute.internal",
          "private_ip": "172.31.37.244",
          "public_dns": "ec2-3-124-6-246.eu-central-1.compute.amazonaws.com",
          "public_ip": "3.124.6.246",
          "root_block_device": [
            {
              "delete_on_termination": true,
              "encrypted": false,
              "iops": 100,
              "kms_key_id": "",
              "volume_id": "vol-033313f60cd6274eb",
              "volume_size": 30,
              "volume_type": "gp2"
            }
          ],
          "security_groups": [
            "IISWindows"
          ],
          "source_dest_check": true,
          "subnet_id": "subnet-49a8bd34",
          "tags": {
            "Name": "IIS"
          },
          "tenancy": "default",
          "timeouts": null,
          "user_data": "1f3f625cc89fef46b52dd6d2ffcfeea4bb6d3d95",
          "user_data_base64": null,
          "volume_tags": {},
          "vpc_security_group_ids": [
            "sg-0573ab8bddbaca6e9"
          ]
        },
        {
          "ami": "ami-094ce8f9bad208212",
          "arn": "arn:aws:ec2:eu-central-1:302604712191:instance/i-0c5413a939a3f9408",
          "associate_public_ip_address": true,
          "availability_zone": "eu-central-1b",
          "cpu_core_count": 1,
          "cpu_threads_per_core": 1,
          "credit_specification": [
            {
              "cpu_credits": "standard"
            }
          ],
          "disable_api_termination": false,
          "ebs_block_device": [],
          "ebs_optimized": false,
          "ephemeral_block_device": [],
          "get_password_data": true,
          "host_id": null,
          "iam_instance_profile": "",
          "id": "i-0c5413a939a3f9408",
          "instance_initiated_shutdown_behavior": null,
          "instance_state": "running",
          "instance_type": "t2.micro",
          "ipv6_address_count": 0,
          "ipv6_addresses": [],
          "key_name": "WindowsKeys",
          "monitoring": false,
          "network_interface": [],
          "network_interface_id": null,
          "password_data": "FLhzUZA0IxoWJt+ocbiMFZmNSmxfyBZh4OAKk9oGIzaBZM6YAlZQHflw0XRueA1ERa+mW8RJDrBmGcr4da2VsPcqSTSzWSZ3yZ7J3IDTy7ZFjlBGoDUDJYDzE4bXLxicINylhIPdlm1gGkqQmiJf2rmx3N4wAcDsuU/jsl3jcMwTjcV1zJTuqvIOKbvCpfhhaVznAx28KwdSN5besstAkyJqvDCoGLIO2yVgQMkwpgDJxPYT0bahDvbDjNe0V/m5QObpxfqUndLwKeZnwX8EPzLuOwKkQxUQP3LimZMzVmucn8jZ8klPnAKVeXCpUj/nUTug87Pj96t1oK54RlxCrw==",
          "placement_group": "",
          "primary_network_interface_id": "eni-0460e025f5bbee6d6",
          "private_dns": "ip-172-31-45-89.eu-central-1.compute.internal",
          "private_ip": "172.31.45.89",
          "public_dns": "ec2-35-156-221-13.eu-central-1.compute.amazonaws.com",
          "public_ip": "35.156.221.13",
          "root_block_device": [
            {
              "delete_on_termination": true,
              "encrypted": false,
              "iops": 100,
              "kms_key_id": "",
              "volume_id": "vol-07ef8cacf28122a50",
              "volume_size": 30,
              "volume_type": "gp2"
            }
          ],
          "security_groups": [
            "IISWindows"
          ],
          "source_dest_check": true,
          "subnet_id": "subnet-49a8bd34",
          "tags": {
            "Name": "IIS"
          },
          "tenancy": "default",
          "timeouts": null,
          "user_data": "1f3f625cc89fef46b52dd6d2ffcfeea4bb6d3d95",
          "user_data_base64": null,
          "volume_tags": {},
          "vpc_security_group_ids": [
            "sg-0573ab8bddbaca6e9"
          ]
        }
      ],
      "type": [
        "tuple",
        [
          [
            "object",
            {
              "ami": "string",
              "arn": "string",
              "associate_public_ip_address": "bool",
              "availability_zone": "string",
              "cpu_core_count": "number",
              "cpu_threads_per_core": "number",
              "credit_specification": [
                "list",
                [
                  "object",
                  {
                    "cpu_credits": "string"
                  }
                ]
              ],
              "disable_api_termination": "bool",
              "ebs_block_device": [
                "set",
                [
                  "object",
                  {
                    "delete_on_termination": "bool",
                    "device_name": "string",
                    "encrypted": "bool",
                    "iops": "number",
                    "kms_key_id": "string",
                    "snapshot_id": "string",
                    "volume_id": "string",
                    "volume_size": "number",
                    "volume_type": "string"
                  }
                ]
              ],
              "ebs_optimized": "bool",
              "ephemeral_block_device": [
                "set",
                [
                  "object",
                  {
                    "device_name": "string",
                    "no_device": "bool",
                    "virtual_name": "string"
                  }
                ]
              ],
              "get_password_data": "bool",
              "host_id": "string",
              "iam_instance_profile": "string",
              "id": "string",
              "instance_initiated_shutdown_behavior": "string",
              "instance_state": "string",
              "instance_type": "string",
              "ipv6_address_count": "number",
              "ipv6_addresses": [
                "list",
                "string"
              ],
              "key_name": "string",
              "monitoring": "bool",
              "network_interface": [
                "set",
                [
                  "object",
                  {
                    "delete_on_termination": "bool",
                    "device_index": "number",
                    "network_interface_id": "string"
                  }
                ]
              ],
              "network_interface_id": "string",
              "password_data": "string",
              "placement_group": "string",
              "primary_network_interface_id": "string",
              "private_dns": "string",
              "private_ip": "string",
              "public_dns": "string",
              "public_ip": "string",
              "root_block_device": [
                "list",
                [
                  "object",
                  {
                    "delete_on_termination": "bool",
                    "encrypted": "bool",
                    "iops": "number",
                    "kms_key_id": "string",
                    "volume_id": "string",
                    "volume_size": "number",
                    "volume_type": "string"
                  }
                ]
              ],
              "security_groups": [
                "set",
                "string"
              ],
              "source_dest_check": "bool",
              "subnet_id": "string",
              "tags": [
                "map",
                "string"
              ],
              "tenancy": "string",
              "timeouts": [
                "object",
                {
                  "create": "string",
                  "delete": "string",
                  "update": "string"
                }
              ],
              "user_data": "string",
              "user_data_base64": "string",
              "volume_tags": [
                "map",
                "string"
              ],
              "vpc_security_group_ids": [
                "set",
                "string"
              ]
            }
          ],
          [
            "object",
            {
              "ami": "string",
              "arn": "string",
              "associate_public_ip_address": "bool",
              "availability_zone": "string",
              "cpu_core_count": "number",
              "cpu_threads_per_core": "number",
              "credit_specification": [
                "list",
                [
                  "object",
                  {
                    "cpu_credits": "string"
                  }
                ]
              ],
              "disable_api_termination": "bool",
              "ebs_block_device": [
                "set",
                [
                  "object",
                  {
                    "delete_on_termination": "bool",
                    "device_name": "string",
                    "encrypted": "bool",
                    "iops": "number",
                    "kms_key_id": "string",
                    "snapshot_id": "string",
                    "volume_id": "string",
                    "volume_size": "number",
                    "volume_type": "string"
                  }
                ]
              ],
              "ebs_optimized": "bool",
              "ephemeral_block_device": [
                "set",
                [
                  "object",
                  {
                    "device_name": "string",
                    "no_device": "bool",
                    "virtual_name": "string"
                  }
                ]
              ],
              "get_password_data": "bool",
              "host_id": "string",
              "iam_instance_profile": "string",
              "id": "string",
              "instance_initiated_shutdown_behavior": "string",
              "instance_state": "string",
              "instance_type": "string",
              "ipv6_address_count": "number",
              "ipv6_addresses": [
                "list",
                "string"
              ],
              "key_name": "string",
              "monitoring": "bool",
              "network_interface": [
                "set",
                [
                  "object",
                  {
                    "delete_on_termination": "bool",
                    "device_index": "number",
                    "network_interface_id": "string"
                  }
                ]
              ],
              "network_interface_id": "string",
              "password_data": "string",
              "placement_group": "string",
              "primary_network_interface_id": "string",
              "private_dns": "string",
              "private_ip": "string",
              "public_dns": "string",
              "public_ip": "string",
              "root_block_device": [
                "list",
                [
                  "object",
                  {
                    "delete_on_termination": "bool",
                    "encrypted": "bool",
                    "iops": "number",
                    "kms_key_id": "string",
                    "volume_id": "string",
                    "volume_size": "number",
                    "volume_type": "string"
                  }
                ]
              ],
              "security_groups": [
                "set",
                "string"
              ],
              "source_dest_check": "bool",
              "subnet_id": "string",
              "tags": [
                "map",
                "string"
              ],
              "tenancy": "string",
              "timeouts": [
                "object",
                {
                  "create": "string",
                  "delete": "string",
                  "update": "string"
                }
              ],
              "user_data": "string",
              "user_data_base64": "string",
              "volume_tags": [
                "map",
                "string"
              ],
              "vpc_security_group_ids": [
                "set",
                "string"
              ]
            }
          ],
          [
            "object",
            {
              "ami": "string",
              "arn": "string",
              "associate_public_ip_address": "bool",
              "availability_zone": "string",
              "cpu_core_count": "number",
              "cpu_threads_per_core": "number",
              "credit_specification": [
                "list",
                [
                  "object",
                  {
                    "cpu_credits": "string"
                  }
                ]
              ],
              "disable_api_termination": "bool",
              "ebs_block_device": [
                "set",
                [
                  "object",
                  {
                    "delete_on_termination": "bool",
                    "device_name": "string",
                    "encrypted": "bool",
                    "iops": "number",
                    "kms_key_id": "string",
                    "snapshot_id": "string",
                    "volume_id": "string",
                    "volume_size": "number",
                    "volume_type": "string"
                  }
                ]
              ],
              "ebs_optimized": "bool",
              "ephemeral_block_device": [
                "set",
                [
                  "object",
                  {
                    "device_name": "string",
                    "no_device": "bool",
                    "virtual_name": "string"
                  }
                ]
              ],
              "get_password_data": "bool",
              "host_id": "string",
              "iam_instance_profile": "string",
              "id": "string",
              "instance_initiated_shutdown_behavior": "string",
              "instance_state": "string",
              "instance_type": "string",
              "ipv6_address_count": "number",
              "ipv6_addresses": [
                "list",
                "string"
              ],
              "key_name": "string",
              "monitoring": "bool",
              "network_interface": [
                "set",
                [
                  "object",
                  {
                    "delete_on_termination": "bool",
                    "device_index": "number",
                    "network_interface_id": "string"
                  }
                ]
              ],
              "network_interface_id": "string",
              "password_data": "string",
              "placement_group": "string",
              "primary_network_interface_id": "string",
              "private_dns": "string",
              "private_ip": "string",
              "public_dns": "string",
              "public_ip": "string",
              "root_block_device": [
                "list",
                [
                  "object",
                  {
                    "delete_on_termination": "bool",
                    "encrypted": "bool",
                    "iops": "number",
                    "kms_key_id": "string",
                    "volume_id": "string",
                    "volume_size": "number",
                    "volume_type": "string"
                  }
                ]
              ],
              "security_groups": [
                "set",
                "string"
              ],
              "source_dest_check": "bool",
              "subnet_id": "string",
              "tags": [
                "map",
                "string"
              ],
              "tenancy": "string",
              "timeouts": [
                "object",
                {
                  "create": "string",
                  "delete": "string",
                  "update": "string"
                }
              ],
              "user_data": "string",
              "user_data_base64": "string",
              "volume_tags": [
                "map",
                "string"
              ],
              "vpc_security_group_ids": [
                "set",
                "string"
              ]
            }
          ]
        ]
      ]
    }
  },
  "resources": [
    {
      "mode": "managed",
      "type": "aws_instance",
      "name": "WWWHosts",
      "each": "list",
      "provider": "provider.aws",
      "instances": [
        {
          "index_key": 0,
          "schema_version": 1,
          "attributes": {
            "ami": "ami-094ce8f9bad208212",
            "arn": "arn:aws:ec2:eu-central-1:302604712191:instance/i-06c47581e3fdc7a70",
            "associate_public_ip_address": true,
            "availability_zone": "eu-central-1b",
            "cpu_core_count": 1,
            "cpu_threads_per_core": 1,
            "credit_specification": [
              {
                "cpu_credits": "standard"
              }
            ],
            "disable_api_termination": false,
            "ebs_block_device": [],
            "ebs_optimized": false,
            "ephemeral_block_device": [],
            "get_password_data": true,
            "host_id": null,
            "iam_instance_profile": "",
            "id": "i-06c47581e3fdc7a70",
            "instance_initiated_shutdown_behavior": null,
            "instance_state": "running",
            "instance_type": "t2.micro",
            "ipv6_address_count": 0,
            "ipv6_addresses": [],
            "key_name": "WindowsKeys",
            "monitoring": false,
            "network_interface": [],
            "network_interface_id": null,
            "password_data": "gSyUlz0V31yKKTQnisDVl4G0t62VbZVJx0FpaXoBSR4rfVjGJ1NSpAjYy/JskDZWsX2r3uj+ldM9Pl8G/6b7Re6s+/D54feX3qqlz+CDhZt/ArkqfCRVbZkhDUKeEuwfHdn9Psf1D1Xom3UTnkI9V595paYw02ENZTCc7lNzFnF4TLy9xqIiaCz68D13N+ze5l0M0TGKRoGi5JINDkw8TpqZxWbdHtFI+zuyBAWlRt/5laDZ5wS2oN1avD1WQKzSzt7LfBlnGqpvhn7lRhuxYhB3S5luNxcOHMt6rbaZDbH2AmNIesu0nL1SXUvuIUXLykOKwz+fgl/lQAvNDa4xZQ==",
            "placement_group": "",
            "primary_network_interface_id": "eni-0b5785f74efb806ff",
            "private_dns": "ip-172-31-36-128.eu-central-1.compute.internal",
            "private_ip": "172.31.36.128",
            "public_dns": "ec2-35-157-236-73.eu-central-1.compute.amazonaws.com",
            "public_ip": "35.157.236.73",
            "root_block_device": [
              {
                "delete_on_termination": true,
                "encrypted": false,
                "iops": 100,
                "kms_key_id": "",
                "volume_id": "vol-0da39f818fe12648e",
                "volume_size": 30,
                "volume_type": "gp2"
              }
            ],
            "security_groups": [
              "IISWindows"
            ],
            "source_dest_check": true,
            "subnet_id": "subnet-49a8bd34",
            "tags": {
              "Name": "IIS"
            },
            "tenancy": "default",
            "timeouts": null,
            "user_data": "1f3f625cc89fef46b52dd6d2ffcfeea4bb6d3d95",
            "user_data_base64": null,
            "volume_tags": {},
            "vpc_security_group_ids": [
              "sg-0573ab8bddbaca6e9"
            ]
          },
          "private": "eyJlMmJmYjczMC1lY2FhLTExZTYtOGY4OC0zNDM2M2JjN2M0YzAiOnsiY3JlYXRlIjo2MDAwMDAwMDAwMDAsImRlbGV0ZSI6MTIwMDAwMDAwMDAwMCwidXBkYXRlIjo2MDAwMDAwMDAwMDB9LCJzY2hlbWFfdmVyc2lvbiI6IjEifQ==",
          "dependencies": [
            "aws_security_group.IISWindows"
          ]
        },
        {
          "index_key": 1,
          "schema_version": 1,
          "attributes": {
            "ami": "ami-094ce8f9bad208212",
            "arn": "arn:aws:ec2:eu-central-1:302604712191:instance/i-02ac9434f9f8278dd",
            "associate_public_ip_address": true,
            "availability_zone": "eu-central-1b",
            "cpu_core_count": 1,
            "cpu_threads_per_core": 1,
            "credit_specification": [
              {
                "cpu_credits": "standard"
              }
            ],
            "disable_api_termination": false,
            "ebs_block_device": [],
            "ebs_optimized": false,
            "ephemeral_block_device": [],
            "get_password_data": true,
            "host_id": null,
            "iam_instance_profile": "",
            "id": "i-02ac9434f9f8278dd",
            "instance_initiated_shutdown_behavior": null,
            "instance_state": "running",
            "instance_type": "t2.micro",
            "ipv6_address_count": 0,
            "ipv6_addresses": [],
            "key_name": "WindowsKeys",
            "monitoring": false,
            "network_interface": [],
            "network_interface_id": null,
            "password_data": "fKjzWXzocqmX5i70su4mKb+IijJMFGbkTJkrlA/h3zXTcTMb/ytgin0ml6PqskN+3Z+plvhYXtEPGT7iksDwcjiXIkRXiJSw9YtpmRetA5AK+24J10WPY3ZeXkOK3JwqdMhmtzkA0tOfyjlWvlUFL57E7Z/V5ugTw5h3T/BsF+Oco78zQANPVvCg4sJ+tBRT8sJ7h0EXnNLeMvHO4uJVQqyG2dYfdRtNVOBpK86yO9OoHpGbejzU2Dr8Ew1FKEiU3RnbuSM3rvlKp67k4/G/rwY2Zu524zPsvQHBsyOZb/tSV7Tra0Zcuq201UQjG737RYxOXjl8GOrA+tnYRv1Zug==",
            "placement_group": "",
            "primary_network_interface_id": "eni-0fd75ace8efef52a5",
            "private_dns": "ip-172-31-37-244.eu-central-1.compute.internal",
            "private_ip": "172.31.37.244",
            "public_dns": "ec2-3-124-6-246.eu-central-1.compute.amazonaws.com",
            "public_ip": "3.124.6.246",
            "root_block_device": [
              {
                "delete_on_termination": true,
                "encrypted": false,
                "iops": 100,
                "kms_key_id": "",
                "volume_id": "vol-033313f60cd6274eb",
                "volume_size": 30,
                "volume_type": "gp2"
              }
            ],
            "security_groups": [
              "IISWindows"
            ],
            "source_dest_check": true,
            "subnet_id": "subnet-49a8bd34",
            "tags": {
              "Name": "IIS"
            },
            "tenancy": "default",
            "timeouts": null,
            "user_data": "1f3f625cc89fef46b52dd6d2ffcfeea4bb6d3d95",
            "user_data_base64": null,
            "volume_tags": {},
            "vpc_security_group_ids": [
              "sg-0573ab8bddbaca6e9"
            ]
          },
          "private": "eyJlMmJmYjczMC1lY2FhLTExZTYtOGY4OC0zNDM2M2JjN2M0YzAiOnsiY3JlYXRlIjo2MDAwMDAwMDAwMDAsImRlbGV0ZSI6MTIwMDAwMDAwMDAwMCwidXBkYXRlIjo2MDAwMDAwMDAwMDB9LCJzY2hlbWFfdmVyc2lvbiI6IjEifQ==",
          "dependencies": [
            "aws_security_group.IISWindows"
          ]
        },
        {
          "index_key": 2,
          "schema_version": 1,
          "attributes": {
            "ami": "ami-094ce8f9bad208212",
            "arn": "arn:aws:ec2:eu-central-1:302604712191:instance/i-0c5413a939a3f9408",
            "associate_public_ip_address": true,
            "availability_zone": "eu-central-1b",
            "cpu_core_count": 1,
            "cpu_threads_per_core": 1,
            "credit_specification": [
              {
                "cpu_credits": "standard"
              }
            ],
            "disable_api_termination": false,
            "ebs_block_device": [],
            "ebs_optimized": false,
            "ephemeral_block_device": [],
            "get_password_data": true,
            "host_id": null,
            "iam_instance_profile": "",
            "id": "i-0c5413a939a3f9408",
            "instance_initiated_shutdown_behavior": null,
            "instance_state": "running",
            "instance_type": "t2.micro",
            "ipv6_address_count": 0,
            "ipv6_addresses": [],
            "key_name": "WindowsKeys",
            "monitoring": false,
            "network_interface": [],
            "network_interface_id": null,
            "password_data": "FLhzUZA0IxoWJt+ocbiMFZmNSmxfyBZh4OAKk9oGIzaBZM6YAlZQHflw0XRueA1ERa+mW8RJDrBmGcr4da2VsPcqSTSzWSZ3yZ7J3IDTy7ZFjlBGoDUDJYDzE4bXLxicINylhIPdlm1gGkqQmiJf2rmx3N4wAcDsuU/jsl3jcMwTjcV1zJTuqvIOKbvCpfhhaVznAx28KwdSN5besstAkyJqvDCoGLIO2yVgQMkwpgDJxPYT0bahDvbDjNe0V/m5QObpxfqUndLwKeZnwX8EPzLuOwKkQxUQP3LimZMzVmucn8jZ8klPnAKVeXCpUj/nUTug87Pj96t1oK54RlxCrw==",
            "placement_group": "",
            "primary_network_interface_id": "eni-0460e025f5bbee6d6",
            "private_dns": "ip-172-31-45-89.eu-central-1.compute.internal",
            "private_ip": "172.31.45.89",
            "public_dns": "ec2-35-156-221-13.eu-central-1.compute.amazonaws.com",
            "public_ip": "35.156.221.13",
            "root_block_device": [
              {
                "delete_on_termination": true,
                "encrypted": false,
                "iops": 100,
                "kms_key_id": "",
                "volume_id": "vol-07ef8cacf28122a50",
                "volume_size": 30,
                "volume_type": "gp2"
              }
            ],
            "security_groups": [
              "IISWindows"
            ],
            "source_dest_check": true,
            "subnet_id": "subnet-49a8bd34",
            "tags": {
              "Name": "IIS"
            },
            "tenancy": "default",
            "timeouts": null,
            "user_data": "1f3f625cc89fef46b52dd6d2ffcfeea4bb6d3d95",
            "user_data_base64": null,
            "volume_tags": {},
            "vpc_security_group_ids": [
              "sg-0573ab8bddbaca6e9"
            ]
          },
          "private": "eyJlMmJmYjczMC1lY2FhLTExZTYtOGY4OC0zNDM2M2JjN2M0YzAiOnsiY3JlYXRlIjo2MDAwMDAwMDAwMDAsImRlbGV0ZSI6MTIwMDAwMDAwMDAwMCwidXBkYXRlIjo2MDAwMDAwMDAwMDB9LCJzY2hlbWFfdmVyc2lvbiI6IjEifQ==",
          "dependencies": [
            "aws_security_group.IISWindows"
          ]
        }
      ]
    },
    {
      "mode": "managed",
      "type": "aws_security_group",
      "name": "IISWindows",
      "provider": "provider.aws",
      "instances": [
        {
          "schema_version": 1,
          "attributes": {
            "arn": "arn:aws:ec2:eu-central-1:302604712191:security-group/sg-0573ab8bddbaca6e9",
            "description": "Allow WINRM Unencrypted,WWW and RDP traffic",
            "egress": [],
            "id": "sg-0573ab8bddbaca6e9",
            "ingress": [
              {
                "cidr_blocks": [
                  "0.0.0.0/0"
                ],
                "description": "",
                "from_port": 0,
                "ipv6_cidr_blocks": [],
                "prefix_list_ids": [],
                "protocol": "tcp",
                "security_groups": [],
                "self": false,
                "to_port": 3389
              },
              {
                "cidr_blocks": [
                  "0.0.0.0/0"
                ],
                "description": "",
                "from_port": 0,
                "ipv6_cidr_blocks": [],
                "prefix_list_ids": [],
                "protocol": "tcp",
                "security_groups": [],
                "self": false,
                "to_port": 5985
              },
              {
                "cidr_blocks": [
                  "0.0.0.0/0"
                ],
                "description": "",
                "from_port": 0,
                "ipv6_cidr_blocks": [],
                "prefix_list_ids": [],
                "protocol": "tcp",
                "security_groups": [],
                "self": false,
                "to_port": 80
              }
            ],
            "name": "IISWindows",
            "name_prefix": null,
            "owner_id": "302604712191",
            "revoke_rules_on_delete": false,
            "tags": null,
            "timeouts": null,
            "vpc_id": "vpc-87f107ed"
          },
          "private": "eyJlMmJmYjczMC1lY2FhLTExZTYtOGY4OC0zNDM2M2JjN2M0YzAiOnsiY3JlYXRlIjo2MDAwMDAwMDAwMDAsImRlbGV0ZSI6NjAwMDAwMDAwMDAwfSwic2NoZW1hX3ZlcnNpb24iOiIxIn0="
        }
      ]
    }
  ]
}
